
Microsoft Visual Studio Solution File, Format Version 12.00
# Visual Studio Version 16
VisualStudioVersion = 16.0.29102.190
MinimumVisualStudioVersion = 10.0.40219.1
Project("{888888A0-9F3D-457C-B088-3A5042F75D52}") = "random pass generator OOP", "random pass generator OOP.pyproj", "{75C2DC85-78E6-4B1F-9474-26B8EBDE0EE5}"
EndProject
Global
	GlobalSection(SolutionConfigurationPlatforms) = preSolution
		Debug|Any CPU = Debug|Any CPU
		Release|Any CPU = Release|Any CPU
	EndGlobalSection
	GlobalSection(ProjectConfigurationPlatforms) = postSolution
		{75C2DC85-78E6-4B1F-9474-26B8EBDE0EE5}.Debug|Any CPU.ActiveCfg = Debug|Any CPU
		{75C2DC85-78E6-4B1F-9474-26B8EBDE0EE5}.Release|Any CPU.ActiveCfg = Release|Any CPU
	EndGlobalSection
	GlobalSection(SolutionProperties) = preSolution
		HideSolutionNode = FALSE
	EndGlobalSection
	GlobalSection(ExtensibilityGlobals) = postSolution
		SolutionGuid = {EAE29B9F-1928-4742-BEE1-6DAC305E2A74}
	EndGlobalSection
EndGlobal
